// !$*UTF8*$!
{
	archiveVersion = 1;
	classes = {
	};
	objectVersion = 56;
	objects = {

/* Begin PBXBuildFile section */
		04BA17E838DF4F2FA2B63A71 /* EmBeLifeApp.swift in Sources */ = {isa = PBXBuildFile; fileRef = 45B75D03AEEC4CF6974167B0 /* EmBeLifeApp.swift */; };
		08F72FE0F2824771ABB5D4AD /* OnboardingViews.swift in Sources */ = {isa = PBXBuildFile; fileRef = DD210CCE9E0D4C98B78955DC /* OnboardingViews.swift */; };
		34C35D32CE844BECB1EE6270 /* RootView.swift in Sources */ = {isa = PBXBuildFile; fileRef = 9E3BA9C6496A444DABE40EFF /* RootView.swift */; };
		3DDB0209F71D4590A2F3B444 /* HomeView.swift in Sources */ = {isa = PBXBuildFile; fileRef = E4A63E30AE5A4896B294A751 /* HomeView.swift */; };
		4B6EC2DD3715474E9D5F87FA /* ProfileDetailEditView.swift in Sources */ = {isa = PBXBuildFile; fileRef = 5233FEB2A55E4F9BA9124241 /* ProfileDetailEditView.swift */; };
		70ABC330977D45CF8E6B6A5B /* Theme.swift in Sources */ = {isa = PBXBuildFile; fileRef = 4FC90410B92A471FBE8CFBBB /* Theme.swift */; };
		8E0180C6678E4170A663C299 /* BookProviderSheet.swift in Sources */ = {isa = PBXBuildFile; fileRef = 8D33E1AD229446318C8C57B9 /* BookProviderSheet.swift */; };
		9DE90EA2C0D54B59AF6B0C95 /* ProfileView.swift in Sources */ = {isa = PBXBuildFile; fileRef = ADBD3560D1BC4998BD69B719 /* ProfileView.swift */; };
		A1BOOKVWSRC234567890AB /* BookingsView.swift in Sources */ = {isa = PBXBuildFile; fileRef = A1BOOKVW234567890ABCDEF /* BookingsView.swift */; };
		A1RESCHED234567890ABCDE /* RescheduleBookingSheet.swift in Sources */ = {isa = PBXBuildFile; fileRef = B2RESCHED234567890ABCDE /* RescheduleBookingSheet.swift */; };
		A4D5E6F708194A0234DEF012 /* FeatureAccessListView.swift in Sources */ = {isa = PBXBuildFile; fileRef = F3C4D5E6F708490123CDEF01 /* FeatureAccessListView.swift */; };
		B2C3D4E5F647891021BCDEF0 /* PaymentModels.swift in Sources */ = {isa = PBXBuildFile; fileRef = A1B2C3D4E5F6478910ABCDEF /* PaymentModels.swift */; };
		B2MSGMDL234567890ABCDE /* MessageModels.swift in Sources */ = {isa = PBXBuildFile; fileRef = A1MSGMDL234567890ABCDE /* MessageModels.swift */; };
		B6373694A844458AA0C86287 /* MainTabView.swift in Sources */ = {isa = PBXBuildFile; fileRef = 18D4A1803BAD494E9EA0297C /* MainTabView.swift */; };
		B8E6B3951C9642E5BC9D4011 /* AuthViews.swift in Sources */ = {isa = PBXBuildFile; fileRef = 1F1050CDF517458A8ACD1927 /* AuthViews.swift */; };
		B8NOTVW234567890ABCDEF /* NotificationView.swift in Sources */ = {isa = PBXBuildFile; fileRef = A7NOTVW234567890ABCDEF /* NotificationView.swift */; };
		B9E42D7F3C5E4B2A0D8F6E31 /* SettingsView.swift in Sources */ = {isa = PBXBuildFile; fileRef = A8F31C6E2B4D4A1F9C7E5D20 /* SettingsView.swift */; };
		A2PWDSEC234567890ABCDEF /* PasswordSecurityView.swift in Sources */ = {isa = PBXBuildFile; fileRef = B2PWDSEC234567890ABCDEF /* PasswordSecurityView.swift */; };
		A3ACTVW234567890ABCDEF1 /* ActivitiesView.swift in Sources */ = {isa = PBXBuildFile; fileRef = B3ACTVW234567890ABCDEF1 /* ActivitiesView.swift */; };
		A4DASHVW234567890ABCDEF /* DashboardView.swift in Sources */ = {isa = PBXBuildFile; fileRef = B4DASHVW234567890ABCDEF /* DashboardView.swift */; };
		C2NOTESMDL234567890ABC /* NotesModels.swift in Sources */ = {isa = PBXBuildFile; fileRef = B1NOTESMDL234567890ABC /* NotesModels.swift */; };
		C3EDITBK234567890ABCDEF /* EditBookingView.swift in Sources */ = {isa = PBXBuildFile; fileRef = D4EDITBK234567890ABCDEF /* EditBookingView.swift */; };
		C5EAC8970E2A40A99703B386 /* ProfileModels.swift in Sources */ = {isa = PBXBuildFile; fileRef = D761365D7E1A4CAAA4730F7D /* ProfileModels.swift */; };
		C6F708192A3B4C2456F01234 /* UserManagementView.swift in Sources */ = {isa = PBXBuildFile; fileRef = B5E6F708192A4B1345EF0123 /* UserManagementView.swift */; };
		CE753D7345124DD88BF76338 /* AppModel.swift in Sources */ = {isa = PBXBuildFile; fileRef = 811085CE35FB4C15896EFEA8 /* AppModel.swift */; };
		D4E5F647891043231DEF0123 /* PaymentView.swift in Sources */ = {isa = PBXBuildFile; fileRef = C3D4E5F64789103212CDEF01 /* PaymentView.swift */; };
		D4NOTMDL234567890ABCDE /* NotificationModels.swift in Sources */ = {isa = PBXBuildFile; fileRef = C3NOTMDL234567890ABCDE /* NotificationModels.swift */; };
		E2B3C4D5E6F7489012BCDEF0 /* UserManagementModels.swift in Sources */ = {isa = PBXBuildFile; fileRef = D1A2B3C4E5F6478901ABCDEF /* UserManagementModels.swift */; };
		E4NOTESVW234567890ABCD /* NotesView.swift in Sources */ = {isa = PBXBuildFile; fileRef = D3NOTESVW234567890ABCD /* NotesView.swift */; };
		E8092A3B4C5D4E4678123456 /* InviteUserView.swift in Sources */ = {isa = PBXBuildFile; fileRef = D7F8192A3B4C4D3567012345 /* InviteUserView.swift */; };
		E961C1B8F4C14D9192DE87D5 /* Models.swift in Sources */ = {isa = PBXBuildFile; fileRef = 9A4AE86E400646F7A553090E /* Models.swift */; };
		EF740A1E67BE48519D2A321A /* Assets.xcassets in Resources */ = {isa = PBXBuildFile; fileRef = D6AE23790F13461B911BAD1F /* Assets.xcassets */; };
		F1ONBRDMDL234567890ABC /* OnboardingModels.swift in Sources */ = {isa = PBXBuildFile; fileRef = E2ONBRDMDL234567890ABC /* OnboardingModels.swift */; };
		F6MSGVW234567890ABCDEF /* MessagesView.swift in Sources */ = {isa = PBXBuildFile; fileRef = E5MSGVW234567890ABCDEF /* MessagesView.swift */; };
		A3LOCMGR234567890ABCDEF /* LocationManager.swift in Sources */ = {isa = PBXBuildFile; fileRef = B4LOCMGR234567890ABCDEF /* LocationManager.swift */; };
/* End PBXBuildFile section */

/* Begin PBXFileReference section */
		18D4A1803BAD494E9EA0297C /* MainTabView.swift */ = {isa = PBXFileReference; lastKnownFileType = sourcecode.swift; path = MainTabView.swift; sourceTree = "<group>"; };
		1F1050CDF517458A8ACD1927 /* AuthViews.swift */ = {isa = PBXFileReference; lastKnownFileType = sourcecode.swift; path = AuthViews.swift; sourceTree = "<group>"; };
		30D1503C76AA4E0198DB2D93 /* EmBeLife.app */ = {isa = PBXFileReference; explicitFileType = wrapper.application; includeInIndex = 0; path = EmBeLife.app; sourceTree = BUILT_PRODUCTS_DIR; };
		45B75D03AEEC4CF6974167B0 /* EmBeLifeApp.swift */ = {isa = PBXFileReference; lastKnownFileType = sourcecode.swift; path = EmBeLifeApp.swift; sourceTree = "<group>"; };
		4FC90410B92A471FBE8CFBBB /* Theme.swift */ = {isa = PBXFileReference; lastKnownFileType = sourcecode.swift; path = Theme.swift; sourceTree = "<group>"; };
		5233FEB2A55E4F9BA9124241 /* ProfileDetailEditView.swift */ = {isa = PBXFileReference; lastKnownFileType = sourcecode.swift; path = ProfileDetailEditView.swift; sourceTree = "<group>"; };
		811085CE35FB4C15896EFEA8 /* AppModel.swift */ = {isa = PBXFileReference; lastKnownFileType = sourcecode.swift; path = AppModel.swift; sourceTree = "<group>"; };
		8D33E1AD229446318C8C57B9 /* BookProviderSheet.swift */ = {isa = PBXFileReference; lastKnownFileType = sourcecode.swift; path = BookProviderSheet.swift; sourceTree = "<group>"; };
		A1BOOKVW234567890ABCDEF /* BookingsView.swift */ = {isa = PBXFileReference; lastKnownFileType = sourcecode.swift; path = BookingsView.swift; sourceTree = "<group>"; };
		9A4AE86E400646F7A553090E /* Models.swift */ = {isa = PBXFileReference; lastKnownFileType = sourcecode.swift; path = Models.swift; sourceTree = "<group>"; };
		9E3BA9C6496A444DABE40EFF /* RootView.swift */ = {isa = PBXFileReference; lastKnownFileType = sourcecode.swift; path = RootView.swift; sourceTree = "<group>"; };
		A1B2C3D4E5F6478910ABCDEF /* PaymentModels.swift */ = {isa = PBXFileReference; lastKnownFileType = sourcecode.swift; path = PaymentModels.swift; sourceTree = "<group>"; };
		A1MSGMDL234567890ABCDE /* MessageModels.swift */ = {isa = PBXFileReference; lastKnownFileType = sourcecode.swift; path = MessageModels.swift; sourceTree = "<group>"; };
		A7NOTVW234567890ABCDEF /* NotificationView.swift */ = {isa = PBXFileReference; lastKnownFileType = sourcecode.swift; path = NotificationView.swift; sourceTree = "<group>"; };
		A8F31C6E2B4D4A1F9C7E5D20 /* SettingsView.swift */ = {isa = PBXFileReference; lastKnownFileType = sourcecode.swift; path = SettingsView.swift; sourceTree = "<group>"; };
		B2PWDSEC234567890ABCDEF /* PasswordSecurityView.swift */ = {isa = PBXFileReference; lastKnownFileType = sourcecode.swift; path = PasswordSecurityView.swift; sourceTree = "<group>"; };
		B3ACTVW234567890ABCDEF1 /* ActivitiesView.swift */ = {isa = PBXFileReference; lastKnownFileType = sourcecode.swift; path = ActivitiesView.swift; sourceTree = "<group>"; };
		B4DASHVW234567890ABCDEF /* DashboardView.swift */ = {isa = PBXFileReference; lastKnownFileType = sourcecode.swift; path = DashboardView.swift; sourceTree = "<group>"; };
		ADBD3560D1BC4998BD69B719 /* ProfileView.swift */ = {isa = PBXFileReference; lastKnownFileType = sourcecode.swift; path = ProfileView.swift; sourceTree = "<group>"; };
		B1NOTESMDL234567890ABC /* NotesModels.swift */ = {isa = PBXFileReference; lastKnownFileType = sourcecode.swift; path = NotesModels.swift; sourceTree = "<group>"; };
		B2RESCHED234567890ABCDE /* RescheduleBookingSheet.swift */ = {isa = PBXFileReference; lastKnownFileType = sourcecode.swift; path = RescheduleBookingSheet.swift; sourceTree = "<group>"; };
		B5E6F708192A4B1345EF0123 /* UserManagementView.swift */ = {isa = PBXFileReference; lastKnownFileType = sourcecode.swift; path = UserManagementView.swift; sourceTree = "<group>"; };
		C3D4E5F64789103212CDEF01 /* PaymentView.swift */ = {isa = PBXFileReference; lastKnownFileType = sourcecode.swift; path = PaymentView.swift; sourceTree = "<group>"; };
		C3NOTMDL234567890ABCDE /* NotificationModels.swift */ = {isa = PBXFileReference; lastKnownFileType = sourcecode.swift; path = NotificationModels.swift; sourceTree = "<group>"; };
		D1A2B3C4E5F6478901ABCDEF /* UserManagementModels.swift */ = {isa = PBXFileReference; lastKnownFileType = sourcecode.swift; path = UserManagementModels.swift; sourceTree = "<group>"; };
		D3NOTESVW234567890ABCD /* NotesView.swift */ = {isa = PBXFileReference; lastKnownFileType = sourcecode.swift; path = NotesView.swift; sourceTree = "<group>"; };
		D4EDITBK234567890ABCDEF /* EditBookingView.swift */ = {isa = PBXFileReference; lastKnownFileType = sourcecode.swift; path = EditBookingView.swift; sourceTree = "<group>"; };
		D6AE23790F13461B911BAD1F /* Assets.xcassets */ = {isa = PBXFileReference; lastKnownFileType = folder.assetcatalog; path = Assets.xcassets; sourceTree = "<group>"; };
		D761365D7E1A4CAAA4730F7D /* ProfileModels.swift */ = {isa = PBXFileReference; lastKnownFileType = sourcecode.swift; path = ProfileModels.swift; sourceTree = "<group>"; };
		D7F8192A3B4C4D3567012345 /* InviteUserView.swift */ = {isa = PBXFileReference; lastKnownFileType = sourcecode.swift; path = InviteUserView.swift; sourceTree = "<group>"; };
		DD210CCE9E0D4C98B78955DC /* OnboardingViews.swift */ = {isa = PBXFileReference; lastKnownFileType = sourcecode.swift; path = OnboardingViews.swift; sourceTree = "<group>"; };
		E2ONBRDMDL234567890ABC /* OnboardingModels.swift */ = {isa = PBXFileReference; lastKnownFileType = sourcecode.swift; path = OnboardingModels.swift; sourceTree = "<group>"; };
		E4A63E30AE5A4896B294A751 /* HomeView.swift */ = {isa = PBXFileReference; lastKnownFileType = sourcecode.swift; path = HomeView.swift; sourceTree = "<group>"; };
		E5MSGVW234567890ABCDEF /* MessagesView.swift */ = {isa = PBXFileReference; lastKnownFileType = sourcecode.swift; path = MessagesView.swift; sourceTree = "<group>"; };
		F3C4D5E6F708490123CDEF01 /* FeatureAccessListView.swift */ = {isa = PBXFileReference; lastKnownFileType = sourcecode.swift; path = FeatureAccessListView.swift; sourceTree = "<group>"; };
		B4LOCMGR234567890ABCDEF /* LocationManager.swift */ = {isa = PBXFileReference; lastKnownFileType = sourcecode.swift; path = LocationManager.swift; sourceTree = "<group>"; };
/* End PBXFileReference section */

/* Begin PBXFrameworksBuildPhase section */
		A88ED09B15244B1AA106BA7C /* Frameworks */ = {
			isa = PBXFrameworksBuildPhase;
			buildActionMask = 2147483647;
			files = (
			);
			runOnlyForDeploymentPostprocessing = 0;
		};
/* End PBXFrameworksBuildPhase section */

/* Begin PBXGroup section */
		1DC5BACEC57B4D968E09C544 /* Booking */ = {
			isa = PBXGroup;
			children = (
				8D33E1AD229446318C8C57B9 /* BookProviderSheet.swift */,
				A1BOOKVW234567890ABCDEF /* BookingsView.swift */,
				D4EDITBK234567890ABCDEF /* EditBookingView.swift */,
				B2RESCHED234567890ABCDE /* RescheduleBookingSheet.swift */,
			);
			path = Booking;
			sourceTree = "<group>";
		};
		29D66914D4424ABBA27B064C /* Products */ = {
			isa = PBXGroup;
			children = (
				30D1503C76AA4E0198DB2D93 /* EmBeLife.app */,
			);
			name = Products;
			sourceTree = "<group>";
		};
		7C179F7F316C483C8B6F219A /* Home */ = {
			isa = PBXGroup;
			children = (
				E4A63E30AE5A4896B294A751 /* HomeView.swift */,
				18D4A1803BAD494E9EA0297C /* MainTabView.swift */,
			);
			path = Home;
			sourceTree = "<group>";
		};
		80E4D6EDDE244D4E9E9D3D87 /* Features */ = {
			isa = PBXGroup;
			children = (
				CC069C10E34341E2A37A2EDE /* Auth */,
				1DC5BACEC57B4D968E09C544 /* Booking */,
				7C179F7F316C483C8B6F219A /* Home */,
				E1F2A3B4C5D6478910MSG001 /* Messages */,
				A9NOTESGP1234567890ABCD /* Notes */,
				F2A3B4C5D6E7489021NOT001 /* Notification */,
				92337F985607488E9AFC0A96 /* Onboarding */,
				F1A2B3C4D5E6478910E4F201 /* Payment */,
				E26F03889FA94E0789722FD0 /* Profile */,
				C0F53E804D6F4C3B1E9A7F42 /* Settings */,
			);
			path = Features;
			sourceTree = "<group>";
		};
		92337F985607488E9AFC0A96 /* Onboarding */ = {
			isa = PBXGroup;
			children = (
				DD210CCE9E0D4C98B78955DC /* OnboardingViews.swift */,
			);
			path = Onboarding;
			sourceTree = "<group>";
		};
		975762BA5F3B428EBB49B60D /* App */ = {
			isa = PBXGroup;
			children = (
				45B75D03AEEC4CF6974167B0 /* EmBeLifeApp.swift */,
				9E3BA9C6496A444DABE40EFF /* RootView.swift */,
			);
			path = App;
			sourceTree = "<group>";
		};
		A9NOTESGP1234567890ABCD /* Notes */ = {
			isa = PBXGroup;
			children = (
				D3NOTESVW234567890ABCD /* NotesView.swift */,
			);
			path = Notes;
			sourceTree = "<group>";
		};
		AADFE0B15A0D4164BC258B0C /* Models */ = {
			isa = PBXGroup;
			children = (
				E2ONBRDMDL234567890ABC /* OnboardingModels.swift */,
				B1NOTESMDL234567890ABC /* NotesModels.swift */,
				C3NOTMDL234567890ABCDE /* NotificationModels.swift */,
				A1MSGMDL234567890ABCDE /* MessageModels.swift */,
				A1B2C3D4E5F6478910ABCDEF /* PaymentModels.swift */,
				D1A2B3C4E5F6478901ABCDEF /* UserManagementModels.swift */,
				811085CE35FB4C15896EFEA8 /* AppModel.swift */,
				B4LOCMGR234567890ABCDEF /* LocationManager.swift */,
				9A4AE86E400646F7A553090E /* Models.swift */,
				D761365D7E1A4CAAA4730F7D /* ProfileModels.swift */,
			);
			path = Models;
			sourceTree = "<group>";
		};
		B483B194B1A34F5198C76293 /* EmBeLife */ = {
			isa = PBXGroup;
			children = (
				975762BA5F3B428EBB49B60D /* App */,
				80E4D6EDDE244D4E9E9D3D87 /* Features */,
				AADFE0B15A0D4164BC258B0C /* Models */,
				FA738B42FB1D438ABECB5BC8 /* Theme */,
				D6AE23790F13461B911BAD1F /* Assets.xcassets */,
			);
			path = EmBeLife;
			sourceTree = "<group>";
		};
		C0F53E804D6F4C3B1E9A7F42 /* Settings */ = {
			isa = PBXGroup;
			children = (
				D7F8192A3B4C4D3567012345 /* InviteUserView.swift */,
				B5E6F708192A4B1345EF0123 /* UserManagementView.swift */,
				F3C4D5E6F708490123CDEF01 /* FeatureAccessListView.swift */,
				A8F31C6E2B4D4A1F9C7E5D20 /* SettingsView.swift */,
				B2PWDSEC234567890ABCDEF /* PasswordSecurityView.swift */,
				B3ACTVW234567890ABCDEF1 /* ActivitiesView.swift */,
				B4DASHVW234567890ABCDEF /* DashboardView.swift */,
			);
			path = Settings;
			sourceTree = "<group>";
		};
		CA599A8374B74EC7B74B1372 = {
			isa = PBXGroup;
			children = (
				B483B194B1A34F5198C76293 /* EmBeLife */,
				29D66914D4424ABBA27B064C /* Products */,
			);
			sourceTree = "<group>";
		};
		CC069C10E34341E2A37A2EDE /* Auth */ = {
			isa = PBXGroup;
			children = (
				1F1050CDF517458A8ACD1927 /* AuthViews.swift */,
			);
			path = Auth;
			sourceTree = "<group>";
		};
		E1F2A3B4C5D6478910MSG001 /* Messages */ = {
			isa = PBXGroup;
			children = (
				E5MSGVW234567890ABCDEF /* MessagesView.swift */,
			);
			path = Messages;
			sourceTree = "<group>";
		};
		E26F03889FA94E0789722FD0 /* Profile */ = {
			isa = PBXGroup;
			children = (
				5233FEB2A55E4F9BA9124241 /* ProfileDetailEditView.swift */,
				ADBD3560D1BC4998BD69B719 /* ProfileView.swift */,
			);
			path = Profile;
			sourceTree = "<group>";
		};
		F1A2B3C4D5E6478910E4F201 /* Payment */ = {
			isa = PBXGroup;
			children = (
				C3D4E5F64789103212CDEF01 /* PaymentView.swift */,
			);
			path = Payment;
			sourceTree = "<group>";
		};
		F2A3B4C5D6E7489021NOT001 /* Notification */ = {
			isa = PBXGroup;
			children = (
				A7NOTVW234567890ABCDEF /* NotificationView.swift */,
			);
			path = Notification;
			sourceTree = "<group>";
		};
		FA738B42FB1D438ABECB5BC8 /* Theme */ = {
			isa = PBXGroup;
			children = (
				4FC90410B92A471FBE8CFBBB /* Theme.swift */,
			);
			path = Theme;
			sourceTree = "<group>";
		};
/* End PBXGroup section */

/* Begin PBXNativeTarget section */
		2A670C8A357F48409C55703E /* EmBeLife */ = {
			isa = PBXNativeTarget;
			buildConfigurationList = 6076E6E48B4C431F8BA3470B /* Build configuration list for PBXNativeTarget "EmBeLife" */;
			buildPhases = (
				26026A611EF9481AA138B994 /* Sources */,
				A88ED09B15244B1AA106BA7C /* Frameworks */,
				57B644EAB93D4C2F9C376C35 /* Resources */,
				A1ICONCOPY234567890ABCDE /* Copy App Icon PNGs */,
			);
			buildRules = (
			);
			dependencies = (
			);
			name = EmBeLife;
			productName = EmBeLife;
			productReference = 30D1503C76AA4E0198DB2D93 /* EmBeLife.app */;
			productType = "com.apple.product-type.application";
		};
/* End PBXNativeTarget section */

/* Begin PBXProject section */
		E5CDDC2AF6144C68A1BC4BC0 /* Project object */ = {
			isa = PBXProject;
			attributes = {
				BuildIndependentTargetsInParallel = 1;
				LastSwiftUpdateCheck = 1500;
				LastUpgradeCheck = 2660;
			};
			buildConfigurationList = 7A2896E82E0E4FEC94F75613 /* Build configuration list for PBXProject "EmBeLife" */;
			compatibilityVersion = "Xcode 14.0";
			developmentRegion = en;
			hasScannedForEncodings = 0;
			knownRegions = (
				en,
				Base,
			);
			mainGroup = CA599A8374B74EC7B74B1372;
			productRefGroup = 29D66914D4424ABBA27B064C /* Products */;
			projectDirPath = "";
			projectRoot = "";
			targets = (
				2A670C8A357F48409C55703E /* EmBeLife */,
			);
		};
/* End PBXProject section */

/* Begin PBXResourcesBuildPhase section */
		57B644EAB93D4C2F9C376C35 /* Resources */ = {
			isa = PBXResourcesBuildPhase;
			buildActionMask = 2147483647;
			files = (
				EF740A1E67BE48519D2A321A /* Assets.xcassets in Resources */,
			);
			runOnlyForDeploymentPostprocessing = 0;
		};
/* End PBXResourcesBuildPhase section */

/* Begin PBXShellScriptBuildPhase section */
		A1ICONCOPY234567890ABCDE /* Copy App Icon PNGs */ = {
			isa = PBXShellScriptBuildPhase;
			alwaysOutOfDate = 1;
			buildActionMask = 2147483647;
			files = (
			);
			inputFileListPaths = (
			);
			inputPaths = (
				"$(SRCROOT)/EmBeLife/Assets.xcassets/AppIcon.appiconset/AppIcon60x60@2x.png",
				"$(SRCROOT)/EmBeLife/Assets.xcassets/AppIcon.appiconset/AppIcon60x60@3x.png",
			);
			name = "Copy App Icon PNGs";
			outputFileListPaths = (
			);
			outputPaths = (
				"$(TARGET_BUILD_DIR)/$(UNLOCALIZED_RESOURCES_FOLDER_PATH)/AppIcon60x60@2x.png",
				"$(TARGET_BUILD_DIR)/$(UNLOCALIZED_RESOURCES_FOLDER_PATH)/AppIcon60x60@3x.png",
			);
			runOnlyForDeploymentPostprocessing = 0;
			shellPath = /bin/sh;
			shellScript = "ICON_DIR=\"${SRCROOT}/EmBeLife/Assets.xcassets/AppIcon.appiconset\"\nDEST=\"${TARGET_BUILD_DIR}/${UNLOCALIZED_RESOURCES_FOLDER_PATH}\"\ncp \"${ICON_DIR}/AppIcon60x60@2x.png\" \"${DEST}/AppIcon60x60@2x.png\"\ncp \"${ICON_DIR}/AppIcon60x60@3x.png\" \"${DEST}/AppIcon60x60@3x.png\"\n";
		};
/* End PBXShellScriptBuildPhase section */

/* Begin PBXSourcesBuildPhase section */
		26026A611EF9481AA138B994 /* Sources */ = {
			isa = PBXSourcesBuildPhase;
			buildActionMask = 2147483647;
			files = (
				04BA17E838DF4F2FA2B63A71 /* EmBeLifeApp.swift in Sources */,
				34C35D32CE844BECB1EE6270 /* RootView.swift in Sources */,
				B8E6B3951C9642E5BC9D4011 /* AuthViews.swift in Sources */,
				8E0180C6678E4170A663C299 /* BookProviderSheet.swift in Sources */,
				A1BOOKVWSRC234567890AB /* BookingsView.swift in Sources */,
				A1RESCHED234567890ABCDE /* RescheduleBookingSheet.swift in Sources */,
				C3EDITBK234567890ABCDEF /* EditBookingView.swift in Sources */,
				3DDB0209F71D4590A2F3B444 /* HomeView.swift in Sources */,
				B6373694A844458AA0C86287 /* MainTabView.swift in Sources */,
				08F72FE0F2824771ABB5D4AD /* OnboardingViews.swift in Sources */,
				4B6EC2DD3715474E9D5F87FA /* ProfileDetailEditView.swift in Sources */,
				9DE90EA2C0D54B59AF6B0C95 /* ProfileView.swift in Sources */,
				B9E42D7F3C5E4B2A0D8F6E31 /* SettingsView.swift in Sources */,
				A2PWDSEC234567890ABCDEF /* PasswordSecurityView.swift in Sources */,
				A3ACTVW234567890ABCDEF1 /* ActivitiesView.swift in Sources */,
				A4DASHVW234567890ABCDEF /* DashboardView.swift in Sources */,
				E8092A3B4C5D4E4678123456 /* InviteUserView.swift in Sources */,
				C6F708192A3B4C2456F01234 /* UserManagementView.swift in Sources */,
				A4D5E6F708194A0234DEF012 /* FeatureAccessListView.swift in Sources */,
				E2B3C4D5E6F7489012BCDEF0 /* UserManagementModels.swift in Sources */,
				CE753D7345124DD88BF76338 /* AppModel.swift in Sources */,
				E961C1B8F4C14D9192DE87D5 /* Models.swift in Sources */,
				C5EAC8970E2A40A99703B386 /* ProfileModels.swift in Sources */,
				70ABC330977D45CF8E6B6A5B /* Theme.swift in Sources */,
				D4E5F647891043231DEF0123 /* PaymentView.swift in Sources */,
				B2C3D4E5F647891021BCDEF0 /* PaymentModels.swift in Sources */,
				B8NOTVW234567890ABCDEF /* NotificationView.swift in Sources */,
				F6MSGVW234567890ABCDEF /* MessagesView.swift in Sources */,
				D4NOTMDL234567890ABCDE /* NotificationModels.swift in Sources */,
				E4NOTESVW234567890ABCD /* NotesView.swift in Sources */,
				C2NOTESMDL234567890ABC /* NotesModels.swift in Sources */,
				F1ONBRDMDL234567890ABC /* OnboardingModels.swift in Sources */,
				B2MSGMDL234567890ABCDE /* MessageModels.swift in Sources */,
				A3LOCMGR234567890ABCDEF /* LocationManager.swift in Sources */,
			);
			runOnlyForDeploymentPostprocessing = 0;
		};
/* End PBXSourcesBuildPhase section */

/* Begin XCBuildConfiguration section */
		24EDD60447BB45E9BD180704 /* Release */ = {
			isa = XCBuildConfiguration;
			buildSettings = {
				ASSETCATALOG_COMPILER_APPICON_NAME = AppIcon;
				ASSETCATALOG_COMPILER_GLOBAL_ACCENT_COLOR_NAME = AccentColor;
				ASSETCATALOG_COMPILER_INCLUDE_ALL_APPICON_ASSETS = YES;
				CODE_SIGN_STYLE = Automatic;
				CURRENT_PROJECT_VERSION = 3;
				DEVELOPMENT_TEAM = P3FZF6PS58;
				GENERATE_INFOPLIST_FILE = YES;
				INFOPLIST_KEY_CFBundleDisplayName = EmBeLife;
				INFOPLIST_KEY_CFBundleIconName = AppIcon;
				INFOPLIST_KEY_NSLocationWhenInUseUsageDescription = "Your precise location is used to show your position on the map, get directions, estimate travel times and improve search results.";
				INFOPLIST_KEY_UIApplicationSceneManifest_Generation = YES;
				INFOPLIST_KEY_UILaunchScreen_Generation = YES;
				INFOPLIST_KEY_UISupportedInterfaceOrientations = UIInterfaceOrientationPortrait;
				LD_RUNPATH_SEARCH_PATHS = (
					"$(inherited)",
					"@executable_path/Frameworks",
				);
				MARKETING_VERSION = 1.0;
				PRODUCT_BUNDLE_IDENTIFIER = com.embelife.app;
				PRODUCT_NAME = "$(TARGET_NAME)";
				SUPPORTED_PLATFORMS = "iphoneos iphonesimulator";
				SUPPORTS_MACCATALYST = NO;
				SWIFT_EMIT_LOC_STRINGS = YES;
				SWIFT_VERSION = 5.0;
				TARGETED_DEVICE_FAMILY = 1;
			};
			name = Release;
		};
		4B962B41A8F44E049E31B16E /* Debug */ = {
			isa = XCBuildConfiguration;
			buildSettings = {
				ALWAYS_SEARCH_USER_PATHS = NO;
				CLANG_ENABLE_MODULES = YES;
				CLANG_ENABLE_OBJC_ARC = YES;
				CLANG_WARN_BLOCK_CAPTURE_AUTORELEASING = YES;
				CLANG_WARN_BOOL_CONVERSION = YES;
				CLANG_WARN_COMMA = YES;
				CLANG_WARN_CONSTANT_CONVERSION = YES;
				CLANG_WARN_DEPRECATED_OBJC_IMPLEMENTATIONS = YES;
				CLANG_WARN_EMPTY_BODY = YES;
				CLANG_WARN_ENUM_CONVERSION = YES;
				CLANG_WARN_INFINITE_RECURSION = YES;
				CLANG_WARN_INT_CONVERSION = YES;
				CLANG_WARN_NON_LITERAL_NULL_CONVERSION = YES;
				CLANG_WARN_OBJC_IMPLICIT_RETAIN_SELF = YES;
				CLANG_WARN_OBJC_LITERAL_CONVERSION = YES;
				CLANG_WARN_QUOTED_INCLUDE_IN_FRAMEWORK_HEADER = YES;
				CLANG_WARN_RANGE_LOOP_ANALYSIS = YES;
				CLANG_WARN_STRICT_PROTOTYPES = YES;
				CLANG_WARN_SUSPICIOUS_MOVE = YES;
				CLANG_WARN_UNREACHABLE_CODE = YES;
				CLANG_WARN__DUPLICATE_METHOD_MATCH = YES;
				COPY_PHASE_STRIP = NO;
				DEBUG_INFORMATION_FORMAT = dwarf;
				ENABLE_STRICT_OBJC_MSGSEND = YES;
				ENABLE_TESTABILITY = YES;
				ENABLE_USER_SCRIPT_SANDBOXING = YES;
				GCC_DYNAMIC_NO_PIC = NO;
				GCC_NO_COMMON_BLOCKS = YES;
				GCC_WARN_64_TO_32_BIT_CONVERSION = YES;
				GCC_WARN_ABOUT_RETURN_TYPE = YES;
				GCC_WARN_UNDECLARED_SELECTOR = YES;
				GCC_WARN_UNINITIALIZED_AUTOS = YES;
				GCC_WARN_UNUSED_FUNCTION = YES;
				GCC_WARN_UNUSED_VARIABLE = YES;
				IPHONEOS_DEPLOYMENT_TARGET = 17.0;
				ONLY_ACTIVE_ARCH = YES;
				SDKROOT = iphoneos;
				STRING_CATALOG_GENERATE_SYMBOLS = YES;
				SWIFT_ACTIVE_COMPILATION_CONDITIONS = DEBUG;
				SWIFT_OPTIMIZATION_LEVEL = "-Onone";
				SWIFT_VERSION = 5.0;
			};
			name = Debug;
		};
		9ABF32BF64284DE0BFDE9D31 /* Release */ = {
			isa = XCBuildConfiguration;
			buildSettings = {
				ALWAYS_SEARCH_USER_PATHS = NO;
				CLANG_ENABLE_MODULES = YES;
				CLANG_ENABLE_OBJC_ARC = YES;
				CLANG_WARN_BLOCK_CAPTURE_AUTORELEASING = YES;
				CLANG_WARN_BOOL_CONVERSION = YES;
				CLANG_WARN_COMMA = YES;
				CLANG_WARN_CONSTANT_CONVERSION = YES;
				CLANG_WARN_DEPRECATED_OBJC_IMPLEMENTATIONS = YES;
				CLANG_WARN_EMPTY_BODY = YES;
				CLANG_WARN_ENUM_CONVERSION = YES;
				CLANG_WARN_INFINITE_RECURSION = YES;
				CLANG_WARN_INT_CONVERSION = YES;
				CLANG_WARN_NON_LITERAL_NULL_CONVERSION = YES;
				CLANG_WARN_OBJC_IMPLICIT_RETAIN_SELF = YES;
				CLANG_WARN_OBJC_LITERAL_CONVERSION = YES;
				CLANG_WARN_QUOTED_INCLUDE_IN_FRAMEWORK_HEADER = YES;
				CLANG_WARN_RANGE_LOOP_ANALYSIS = YES;
				CLANG_WARN_STRICT_PROTOTYPES = YES;
				CLANG_WARN_SUSPICIOUS_MOVE = YES;
				CLANG_WARN_UNREACHABLE_CODE = YES;
				CLANG_WARN__DUPLICATE_METHOD_MATCH = YES;
				COPY_PHASE_STRIP = NO;
				DEBUG_INFORMATION_FORMAT = "dwarf-with-dsym";
				ENABLE_STRICT_OBJC_MSGSEND = YES;
				ENABLE_USER_SCRIPT_SANDBOXING = YES;
				GCC_NO_COMMON_BLOCKS = YES;
				GCC_WARN_64_TO_32_BIT_CONVERSION = YES;
				GCC_WARN_ABOUT_RETURN_TYPE = YES;
				GCC_WARN_UNDECLARED_SELECTOR = YES;
				GCC_WARN_UNINITIALIZED_AUTOS = YES;
				GCC_WARN_UNUSED_FUNCTION = YES;
				GCC_WARN_UNUSED_VARIABLE = YES;
				IPHONEOS_DEPLOYMENT_TARGET = 17.0;
				SDKROOT = iphoneos;
				STRING_CATALOG_GENERATE_SYMBOLS = YES;
				SWIFT_COMPILATION_MODE = wholemodule;
				SWIFT_VERSION = 5.0;
				VALIDATE_PRODUCT = YES;
			};
			name = Release;
		};
		9CA6850E377C43D282E433D0 /* Debug */ = {
			isa = XCBuildConfiguration;
			buildSettings = {
				ASSETCATALOG_COMPILER_APPICON_NAME = AppIcon;
				ASSETCATALOG_COMPILER_GLOBAL_ACCENT_COLOR_NAME = AccentColor;
				ASSETCATALOG_COMPILER_INCLUDE_ALL_APPICON_ASSETS = YES;
				CODE_SIGN_STYLE = Automatic;
				CURRENT_PROJECT_VERSION = 3;
				DEVELOPMENT_TEAM = P3FZF6PS58;
				GENERATE_INFOPLIST_FILE = YES;
				INFOPLIST_KEY_CFBundleDisplayName = EmBeLife;
				INFOPLIST_KEY_CFBundleIconName = AppIcon;
				INFOPLIST_KEY_NSLocationWhenInUseUsageDescription = "Your precise location is used to show your position on the map, get directions, estimate travel times and improve search results.";
				INFOPLIST_KEY_UIApplicationSceneManifest_Generation = YES;
				INFOPLIST_KEY_UILaunchScreen_Generation = YES;
				INFOPLIST_KEY_UISupportedInterfaceOrientations = UIInterfaceOrientationPortrait;
				LD_RUNPATH_SEARCH_PATHS = (
					"$(inherited)",
					"@executable_path/Frameworks",
				);
				MARKETING_VERSION = 1.0;
				PRODUCT_BUNDLE_IDENTIFIER = com.embelife.app;
				PRODUCT_NAME = "$(TARGET_NAME)";
				SUPPORTED_PLATFORMS = "iphoneos iphonesimulator";
				SUPPORTS_MACCATALYST = NO;
				SWIFT_EMIT_LOC_STRINGS = YES;
				SWIFT_VERSION = 5.0;
				TARGETED_DEVICE_FAMILY = 1;
			};
			name = Debug;
		};
/* End XCBuildConfiguration section */

/* Begin XCConfigurationList section */
		6076E6E48B4C431F8BA3470B /* Build configuration list for PBXNativeTarget "EmBeLife" */ = {
			isa = XCConfigurationList;
			buildConfigurations = (
				9CA6850E377C43D282E433D0 /* Debug */,
				24EDD60447BB45E9BD180704 /* Release */,
			);
			defaultConfigurationIsVisible = 0;
			defaultConfigurationName = Release;
		};
		7A2896E82E0E4FEC94F75613 /* Build configuration list for PBXProject "EmBeLife" */ = {
			isa = XCConfigurationList;
			buildConfigurations = (
				4B962B41A8F44E049E31B16E /* Debug */,
				9ABF32BF64284DE0BFDE9D31 /* Release */,
			);
			defaultConfigurationIsVisible = 0;
			defaultConfigurationName = Release;
		};
/* End XCConfigurationList section */
	};
	rootObject = E5CDDC2AF6144C68A1BC4BC0 /* Project object */;
}
